{
    "_meta": {
        "hash": {
            "sha256": "aa5c4d31ee90244ee033bad6813f6cc82f0432131e3773089e289b9b890ba6d6"
        },
        "host-environment-markers": {
            "implementation_name": "cpython",
            "implementation_version": "3.6.6",
            "os_name": "posix",
            "platform_machine": "x86_64",
            "platform_python_implementation": "CPython",
            "platform_release": "18.0.0",
            "platform_system": "Darwin",
            "platform_version": "Darwin Kernel Version 18.0.0: Wed Aug 22 20:13:40 PDT 2018; root:xnu-4903.201.2~1/RELEASE_X86_64",
            "python_full_version": "3.6.6",
            "python_version": "3.6",
            "sys_platform": "darwin"
        },
        "pipfile-spec": 6,
        "requires": {
            "python_version": "3.6.6"
        },
        "sources": [
            {
                "name": "pypi",
                "url": "https://pypi.org/simple",
                "verify_ssl": true
            }
        ]
    },
    "default": {
        "django": {
            "hashes": [],
            "version": "==2.1.2"
        },
        "pytz": {
            "hashes": [],
            "version": "==2018.6"
        }
    },
    "develop": {}
}
